
Microsoft Visual Studio Solution File, Format Version 12.00
# Visual Studio Version 16
VisualStudioVersion = 16.0.29306.81
MinimumVisualStudioVersion = 10.0.40219.1
Project("{8BC9CEB8-8B4A-11D0-8D11-00A0C91BC942}") = "ArrayEraseEverySecond", "Array_EraseEverySecond\Array_EraseEverySecond.vcxproj", "{A39CF775-0F67-4A6B-9BE5-B9F3C440642C}"
EndProject
Project("{8BC9CEB8-8B4A-11D0-8D11-00A0C91BC942}") = "ArrayEraseEverySecond.Tests", "ArrayEraseEverySecond.Tests\ArrayEraseEverySecond.Tests.vcxproj", "{6233BDBC-6F91-4645-84B6-E58E0BAE3AB0}"
EndProject
Global
	GlobalSection(SolutionConfigurationPlatforms) = preSolution
		Debug|x64 = Debug|x64
		Debug|x86 = Debug|x86
		Release|x64 = Release|x64
		Release|x86 = Release|x86
	EndGlobalSection
	GlobalSection(ProjectConfigurationPlatforms) = postSolution
		{A39CF775-0F67-4A6B-9BE5-B9F3C440642C}.Debug|x64.ActiveCfg = Debug|x64
		{A39CF775-0F67-4A6B-9BE5-B9F3C440642C}.Debug|x64.Build.0 = Debug|x64
		{A39CF775-0F67-4A6B-9BE5-B9F3C440642C}.Debug|x86.ActiveCfg = Debug|Win32
		{A39CF775-0F67-4A6B-9BE5-B9F3C440642C}.Debug|x86.Build.0 = Debug|Win32
		{A39CF775-0F67-4A6B-9BE5-B9F3C440642C}.Release|x64.ActiveCfg = Release|x64
		{A39CF775-0F67-4A6B-9BE5-B9F3C440642C}.Release|x64.Build.0 = Release|x64
		{A39CF775-0F67-4A6B-9BE5-B9F3C440642C}.Release|x86.ActiveCfg = Release|Win32
		{A39CF775-0F67-4A6B-9BE5-B9F3C440642C}.Release|x86.Build.0 = Release|Win32
		{6233BDBC-6F91-4645-84B6-E58E0BAE3AB0}.Debug|x64.ActiveCfg = Debug|x64
		{6233BDBC-6F91-4645-84B6-E58E0BAE3AB0}.Debug|x64.Build.0 = Debug|x64
		{6233BDBC-6F91-4645-84B6-E58E0BAE3AB0}.Debug|x86.ActiveCfg = Debug|Win32
		{6233BDBC-6F91-4645-84B6-E58E0BAE3AB0}.Debug|x86.Build.0 = Debug|Win32
		{6233BDBC-6F91-4645-84B6-E58E0BAE3AB0}.Release|x64.ActiveCfg = Release|x64
		{6233BDBC-6F91-4645-84B6-E58E0BAE3AB0}.Release|x64.Build.0 = Release|x64
		{6233BDBC-6F91-4645-84B6-E58E0BAE3AB0}.Release|x86.ActiveCfg = Release|Win32
		{6233BDBC-6F91-4645-84B6-E58E0BAE3AB0}.Release|x86.Build.0 = Release|Win32
	EndGlobalSection
	GlobalSection(SolutionProperties) = preSolution
		HideSolutionNode = FALSE
	EndGlobalSection
	GlobalSection(ExtensibilityGlobals) = postSolution
		SolutionGuid = {A9AFC56D-B9D5-4C05-9343-891A6FEF480B}
	EndGlobalSection
EndGlobal
